Microsoft Visual Studio Solution File, Format Version 12.00
# Visual Studio Version 17
VisualStudioVersion = 17.5.2.0
MinimumVisualStudioVersion = 10.0.40219.1
Project("{FAE04EC0-301F-11D3-BF4B-00C04F79EFBC}") = "ProjetoAvanadeApi", "ProjetoAvanadeApi.csproj", "{A707DDAE-9230-C39E-4A15-4165A7F992A7}"
EndProject
Global
	GlobalSection(SolutionConfigurationPlatforms) = preSolution
		Debug|Any CPU = Debug|Any CPU
		Release|Any CPU = Release|Any CPU
	EndGlobalSection
	GlobalSection(ProjectConfigurationPlatforms) = postSolution
		{A707DDAE-9230-C39E-4A15-4165A7F992A7}.Debug|Any CPU.ActiveCfg = Debug|Any CPU
		{A707DDAE-9230-C39E-4A15-4165A7F992A7}.Debug|Any CPU.Build.0 = Debug|Any CPU
		{A707DDAE-9230-C39E-4A15-4165A7F992A7}.Release|Any CPU.ActiveCfg = Release|Any CPU
		{A707DDAE-9230-C39E-4A15-4165A7F992A7}.Release|Any CPU.Build.0 = Release|Any CPU
	EndGlobalSection
	GlobalSection(SolutionProperties) = preSolution
		HideSolutionNode = FALSE
	EndGlobalSection
	GlobalSection(ExtensibilityGlobals) = postSolution
		SolutionGuid = {31DC084B-8414-47FC-AACC-E17F13491C9F}
	EndGlobalSection
EndGlobal
